# This file is automatically @generated by Cargo.
# It is not intended for manual editing.
version = 3

[[package]]
name = "autocfg"
version = "1.1.0"
source = "registry+https://github.com/rust-lang/crates.io-index"
checksum = "d468802bab17cbc0cc575e9b053f41e72aa36bfa6b7f55e3529ffa43161b97fa"

[[package]]
name = "base"
version = "0.1.0"
dependencies = [
 "bitflags",
 "cfg-if",
 "derivative",
 "minicov",
 "num-traits",
 "serde",
 "static_assertions",
]

[[package]]
name = "bitflags"
version = "1.3.2"
source = "registry+https://github.com/rust-lang/crates.io-index"
checksum = "bef38d45163c2f1dde094a7dfd33ccf595c92905c8f8f4fdc18d06fb1037718a"

[[package]]
name = "byteorder"
version = "1.4.3"
source = "registry+https://github.com/rust-lang/crates.io-index"
checksum = "14c189c53d098945499cdfa7ecc63567cf3886b3332b312a5b4585d8d3a6a610"

[[package]]
name = "cc"
version = "1.0.73"
source = "registry+https://github.com/rust-lang/crates.io-index"
checksum = "2fff2a6927b3bb87f9595d67196a70493f627687a71d87a0d692242c33f58c11"

[[package]]
name = "cfg-if"
version = "1.0.0"
source = "registry+https://github.com/rust-lang/crates.io-index"
checksum = "baf1de4339761588bc0619e3cbc0120ee582ebb74b53b4efbf79117bd2da40fd"

[[package]]
name = "derivative"
version = "2.2.0"
source = "registry+https://github.com/rust-lang/crates.io-index"
checksum = "fcc3dd5e9e9c0b295d6e1e4d811fb6f157d5ffd784b8d202fc62eac8035a770b"
dependencies = [
 "proc-macro2",
 "quote",
 "syn",
]

[[package]]
name = "disk"
version = "0.1.0"
dependencies = [
 "bitflags",
 "m3",
 "pci",
]

[[package]]
name = "disktest"
version = "0.1.0"
dependencies = [
 "m3",
]

[[package]]
name = "facever"
version = "0.1.0"
dependencies = [
 "m3",
]

[[package]]
name = "fs"
version = "0.1.0"
dependencies = [
 "m3",
]

[[package]]
name = "hashmux"
version = "0.1.0"
dependencies = [
 "base",
 "m3",
]

[[package]]
name = "hashmuxbenchs"
version = "0.1.0"
dependencies = [
 "m3",
]

[[package]]
name = "hashmuxtests"
version = "0.1.0"
dependencies = [
 "hex-literal",
 "m3",
]

[[package]]
name = "hashsum"
version = "0.1.0"
dependencies = [
 "hex",
 "m3",
]

[[package]]
name = "heap"
version = "0.1.0"
dependencies = [
 "base",
 "bitflags",
]

[[package]]
name = "hex"
version = "0.4.3"
source = "registry+https://github.com/rust-lang/crates.io-index"
checksum = "7f24254aa9a54b5c858eaee2f5bccdb46aaf0e486a595ed5fd8f86ba55232a70"

[[package]]
name = "hex-literal"
version = "0.3.4"
source = "registry+https://github.com/rust-lang/crates.io-index"
checksum = "7ebdb29d2ea9ed0083cd8cece49bbd968021bd99b0849edb4a9a7ee0fdf6a4e0"

[[package]]
name = "info"
version = "0.1.0"
dependencies = [
 "m3",
]

[[package]]
name = "ipc"
version = "0.1.0"
dependencies = [
 "m3",
]

[[package]]
name = "isr"
version = "0.1.0"
dependencies = [
 "base",
 "cfg-if",
 "lang",
]

[[package]]
name = "kernel"
version = "0.1.0"
dependencies = [
 "base",
 "bitflags",
 "isr",
 "paging",
 "thread",
]

[[package]]
name = "lang"
version = "0.1.0"
dependencies = [
 "base",
]

[[package]]
name = "log"
version = "0.4.14"
source = "registry+https://github.com/rust-lang/crates.io-index"
checksum = "51b9bbe6c47d51fc3e1a9b945965946b4c44142ab8792c50835a980d362c2710"
dependencies = [
 "cfg-if",
]

[[package]]
name = "m3"
version = "0.1.0"
dependencies = [
 "heap",
 "lang",
 "m3impl",
]

[[package]]
name = "m3fs"
version = "0.1.0"
dependencies = [
 "base",
 "bitflags",
 "m3",
 "thread",
]

[[package]]
name = "m3impl"
version = "0.1.0"
dependencies = [
 "base",
 "bitflags",
]

[[package]]
name = "managed"
version = "0.8.0"
source = "registry+https://github.com/rust-lang/crates.io-index"
checksum = "0ca88d725a0a943b096803bd34e73a4437208b6077654cc4ecb2947a5f91618d"

[[package]]
name = "mem"
version = "0.1.0"
dependencies = [
 "m3",
]

[[package]]
name = "memoffset"
version = "0.6.5"
source = "registry+https://github.com/rust-lang/crates.io-index"
checksum = "5aa361d4faea93603064a027415f07bd8e1d5c88c9fbf68bf56a285428fd79ce"
dependencies = [
 "autocfg",
]

[[package]]
name = "minicov"
version = "0.2.4"
source = "registry+https://github.com/rust-lang/crates.io-index"
checksum = "417b4d73137e93b9845c97c22b5a23bb874cbed2271a4fe23e3bcc56624488c4"
dependencies = [
 "cc",
 "walkdir",
]

[[package]]
name = "msgchansnd"
version = "0.1.0"
dependencies = [
 "m3",
]

[[package]]
name = "net"
version = "0.1.0"
dependencies = [
 "base",
 "bitflags",
 "log",
 "m3",
 "memoffset",
 "pci",
 "smoltcp",
 "thread",
]

[[package]]
name = "netechoserver"
version = "0.1.0"
dependencies = [
 "m3",
]

[[package]]
name = "netlat"
version = "0.1.0"
dependencies = [
 "m3",
]

[[package]]
name = "num-traits"
version = "0.2.14"
source = "registry+https://github.com/rust-lang/crates.io-index"
checksum = "9a64b1ec5cda2586e284722486d802acf1f7dbdc623e2bfc57e65ca1cd099290"
dependencies = [
 "autocfg",
]

[[package]]
name = "pager"
version = "0.1.0"
dependencies = [
 "bitflags",
 "m3",
 "resmng",
 "thread",
]

[[package]]
name = "paging"
version = "0.1.0"
dependencies = [
 "base",
 "bitflags",
 "cfg-if",
]

[[package]]
name = "pci"
version = "0.1.0"
dependencies = [
 "bitflags",
 "m3",
]

[[package]]
name = "ping"
version = "0.1.0"
dependencies = [
 "m3",
]

[[package]]
name = "pipes"
version = "0.1.0"
dependencies = [
 "bitflags",
 "m3",
]

[[package]]
name = "proc-macro2"
version = "1.0.39"
source = "registry+https://github.com/rust-lang/crates.io-index"
checksum = "c54b25569025b7fc9651de43004ae593a75ad88543b17178aa5e1b9c4f15f56f"
dependencies = [
 "unicode-ident",
]

[[package]]
name = "quote"
version = "1.0.18"
source = "registry+https://github.com/rust-lang/crates.io-index"
checksum = "a1feb54ed693b93a84e14094943b84b7c4eae204c512b7ccb95ab0c66d278ad1"
dependencies = [
 "proc-macro2",
]

[[package]]
name = "resmng"
version = "0.1.0"
dependencies = [
 "bitflags",
 "m3",
 "thread",
]

[[package]]
name = "root"
version = "0.1.0"
dependencies = [
 "m3",
 "resmng",
 "thread",
]

[[package]]
name = "rustbenchs"
version = "0.1.0"
dependencies = [
 "m3",
]

[[package]]
name = "rusthello"
version = "0.1.0"
dependencies = [
 "m3",
]

[[package]]
name = "rustnetbenchs"
version = "0.1.0"
dependencies = [
 "m3",
]

[[package]]
name = "rustnettests"
version = "0.1.0"
dependencies = [
 "m3",
]

[[package]]
name = "ruststdtest"
version = "0.1.0"
dependencies = [
 "m3impl",
]

[[package]]
name = "rustunittests"
version = "0.1.0"
dependencies = [
 "m3",
]

[[package]]
name = "same-file"
version = "1.0.6"
source = "registry+https://github.com/rust-lang/crates.io-index"
checksum = "93fc1dc3aaa9bfed95e02e6eadabb4baf7e3078b0bd1b4d7b6b0b68378900502"
dependencies = [
 "winapi-util",
]

[[package]]
name = "serde"
version = "1.0.137"
source = "git+https://github.com/Barkhausen-Institut/m3-serde?branch=m3#64c6cfd3524cbdadf3489179aeae761d4198d95d"
dependencies = [
 "serde_derive",
]

[[package]]
name = "serde_derive"
version = "1.0.137"
source = "git+https://github.com/Barkhausen-Institut/m3-serde?branch=m3#64c6cfd3524cbdadf3489179aeae761d4198d95d"
dependencies = [
 "proc-macro2",
 "quote",
 "syn",
]

[[package]]
name = "smoltcp"
version = "0.8.0"
source = "git+https://github.com/smoltcp-rs/smoltcp.git?branch=master#d05ebdd88f7f2b87a2ffe3256a42f67809d2d7e4"
dependencies = [
 "bitflags",
 "byteorder",
 "log",
 "managed",
]

[[package]]
name = "spammer"
version = "0.1.0"
dependencies = [
 "m3",
]

[[package]]
name = "static_assertions"
version = "0.3.4"
source = "registry+https://github.com/rust-lang/crates.io-index"
checksum = "7f3eb36b47e512f8f1c9e3d10c2c1965bc992bd9cdb024fa581e2194501c83d3"

[[package]]
name = "stdareceiver"
version = "0.1.0"
dependencies = [
 "base",
 "heap",
 "isr",
 "paging",
]

[[package]]
name = "stdasender"
version = "0.1.0"
dependencies = [
 "base",
 "heap",
 "isr",
 "paging",
]

[[package]]
name = "syn"
version = "1.0.95"
source = "registry+https://github.com/rust-lang/crates.io-index"
checksum = "fbaf6116ab8924f39d52792136fb74fd60a80194cf1b1c6ffa6453eef1c3f942"
dependencies = [
 "proc-macro2",
 "quote",
 "unicode-ident",
]

[[package]]
name = "thread"
version = "0.1.0"
dependencies = [
 "base",
 "bitflags",
]

[[package]]
name = "tilemux"
version = "0.1.0"
dependencies = [
 "base",
 "heap",
 "isr",
 "num-traits",
 "paging",
]

[[package]]
name = "unicode-ident"
version = "1.0.0"
source = "registry+https://github.com/rust-lang/crates.io-index"
checksum = "d22af068fba1eb5edcb4aea19d382b2a3deb4c8f9d475c589b6ada9e0fd493ee"

[[package]]
name = "vamic"
version = "0.1.0"
dependencies = [
 "m3",
]

[[package]]
name = "varcv"
version = "0.1.0"
dependencies = [
 "m3",
]

[[package]]
name = "vmtest"
version = "0.1.0"
dependencies = [
 "base",
 "heap",
 "isr",
 "paging",
]

[[package]]
name = "vterm"
version = "0.1.0"
dependencies = [
 "m3",
]

[[package]]
name = "walkdir"
version = "2.3.2"
source = "registry+https://github.com/rust-lang/crates.io-index"
checksum = "808cf2735cd4b6866113f648b791c6adc5714537bc222d9347bb203386ffda56"
dependencies = [
 "same-file",
 "winapi",
 "winapi-util",
]

[[package]]
name = "winapi"
version = "0.3.9"
source = "registry+https://github.com/rust-lang/crates.io-index"
checksum = "5c839a674fcd7a98952e593242ea400abe93992746761e38641405d28b00f419"
dependencies = [
 "winapi-i686-pc-windows-gnu",
 "winapi-x86_64-pc-windows-gnu",
]

[[package]]
name = "winapi-i686-pc-windows-gnu"
version = "0.4.0"
source = "registry+https://github.com/rust-lang/crates.io-index"
checksum = "ac3b87c63620426dd9b991e5ce0329eff545bccbbb34f3be09ff6fb6ab51b7b6"

[[package]]
name = "winapi-util"
version = "0.1.5"
source = "registry+https://github.com/rust-lang/crates.io-index"
checksum = "70ec6ce85bb158151cae5e5c87f95a8e97d2c0c4b001223f33a334e3ce5de178"
dependencies = [
 "winapi",
]

[[package]]
name = "winapi-x86_64-pc-windows-gnu"
version = "0.4.0"
source = "registry+https://github.com/rust-lang/crates.io-index"
checksum = "712e227841d057c1ee1cd2fb22fa7e5a5461ae8e48fa2ca79ec42cfc1931183f"

[[package]]
name = "ycsbclient"
version = "0.1.0"
dependencies = [
 "m3",
]
