# This file is automatically @generated by Cargo.
# It is not intended for manual editing.
version = 3

[[package]]
name = "autocfg"
version = "1.0.1"
source = "registry+https://github.com/rust-lang/crates.io-index"
checksum = "cdb031dd78e28731d87d56cc8ffef4a8f36ca26c38fe2de700543e627f8a464a"

[[package]]
name = "base"
version = "0.1.0"
dependencies = [
 "bitflags",
 "cfg-if 0.1.10",
 "libc",
 "num-traits",
 "static_assertions",
]

[[package]]
name = "bitflags"
version = "1.2.1"
source = "registry+https://github.com/rust-lang/crates.io-index"
checksum = "cf1de2fe8c75bc145a2f577add951f8134889b4795d47466a54a5c846d691693"

[[package]]
name = "byteorder"
version = "1.4.2"
source = "registry+https://github.com/rust-lang/crates.io-index"
checksum = "ae44d1a3d5a19df61dd0c8beb138458ac2a53a7ac09eba97d55592540004306b"

[[package]]
name = "cfg-if"
version = "0.1.10"
source = "registry+https://github.com/rust-lang/crates.io-index"
checksum = "4785bdd1c96b2a846b2bd7cc02e86b6b3dbf14e7e53446c4f54c92a361040822"

[[package]]
name = "cfg-if"
version = "1.0.0"
source = "registry+https://github.com/rust-lang/crates.io-index"
checksum = "baf1de4339761588bc0619e3cbc0120ee582ebb74b53b4efbf79117bd2da40fd"

[[package]]
name = "disk"
version = "0.1.0"
dependencies = [
 "bitflags",
 "m3",
 "pci",
]

[[package]]
name = "disktest"
version = "0.1.0"
dependencies = [
 "m3",
]

[[package]]
name = "heap"
version = "0.1.0"
dependencies = [
 "base",
 "bitflags",
]

[[package]]
name = "isr"
version = "0.1.0"
dependencies = [
 "base",
 "cfg-if 0.1.10",
]

[[package]]
name = "kernel"
version = "0.1.0"
dependencies = [
 "base",
 "bitflags",
 "isr",
 "paging",
 "thread",
]

[[package]]
name = "libc"
version = "0.2.76"
source = "registry+https://github.com/rust-lang/crates.io-index"
checksum = "755456fae044e6fa1ebbbd1b3e902ae19e73097ed4ed87bb79934a867c007bc3"

[[package]]
name = "log"
version = "0.4.14"
source = "registry+https://github.com/rust-lang/crates.io-index"
checksum = "51b9bbe6c47d51fc3e1a9b945965946b4c44142ab8792c50835a980d362c2710"
dependencies = [
 "cfg-if 1.0.0",
]

[[package]]
name = "m3"
version = "0.1.0"
dependencies = [
 "base",
 "bitflags",
 "heap",
]

[[package]]
name = "m3fs"
version = "0.1.0"
dependencies = [
 "base",
 "bitflags",
 "m3",
 "thread",
]

[[package]]
name = "managed"
version = "0.7.2"
source = "registry+https://github.com/rust-lang/crates.io-index"
checksum = "c75de51135344a4f8ed3cfe2720dc27736f7711989703a0b43aadf3753c55577"

[[package]]
name = "memoffset"
version = "0.6.1"
source = "registry+https://github.com/rust-lang/crates.io-index"
checksum = "157b4208e3059a8f9e78d559edc658e13df41410cb3ae03979c83130067fdd87"
dependencies = [
 "autocfg",
]

[[package]]
name = "net"
version = "0.1.0"
dependencies = [
 "base",
 "bitflags",
 "log",
 "m3",
 "memoffset",
 "pci",
 "smoltcp",
 "thread",
]

[[package]]
name = "netechoserver"
version = "0.1.0"
dependencies = [
 "m3",
]

[[package]]
name = "num-traits"
version = "0.2.12"
source = "registry+https://github.com/rust-lang/crates.io-index"
checksum = "ac267bcc07f48ee5f8935ab0d24f316fb722d7a1292e2913f0cc196b29ffd611"
dependencies = [
 "autocfg",
]

[[package]]
name = "pager"
version = "0.1.0"
dependencies = [
 "bitflags",
 "m3",
 "resmng",
 "thread",
]

[[package]]
name = "paging"
version = "0.1.0"
dependencies = [
 "base",
 "bitflags",
 "cfg-if 0.1.10",
]

[[package]]
name = "pci"
version = "0.1.0"
dependencies = [
 "bitflags",
 "m3",
]

[[package]]
name = "peidle"
version = "0.1.0"
dependencies = [
 "base",
 "heap",
 "isr",
]

[[package]]
name = "pemux"
version = "0.1.0"
dependencies = [
 "base",
 "cfg-if 0.1.10",
 "heap",
 "isr",
 "paging",
]

[[package]]
name = "pipes"
version = "0.1.0"
dependencies = [
 "bitflags",
 "m3",
]

[[package]]
name = "resmng"
version = "0.1.0"
dependencies = [
 "bitflags",
 "m3",
 "thread",
]

[[package]]
name = "root"
version = "0.1.0"
dependencies = [
 "m3",
 "resmng",
 "thread",
]

[[package]]
name = "rustbenchs"
version = "0.1.0"
dependencies = [
 "m3",
]

[[package]]
name = "rusthello"
version = "0.1.0"
dependencies = [
 "m3",
]

[[package]]
name = "rustnetbenchs"
version = "0.1.0"
dependencies = [
 "m3",
]

[[package]]
name = "rustnettests"
version = "0.1.0"
dependencies = [
 "m3",
]

[[package]]
name = "ruststandalone"
version = "0.1.0"
dependencies = [
 "base",
 "heap",
]

[[package]]
name = "rustunittests"
version = "0.1.0"
dependencies = [
 "m3",
]

[[package]]
name = "smoltcp"
version = "0.7.0"
source = "git+https://github.com/smoltcp-rs/smoltcp.git?branch=master#8347da7d590f63d904bb552f5d3e2f5ae2473bc5"
dependencies = [
 "bitflags",
 "byteorder",
 "log",
 "managed",
]

[[package]]
name = "static_assertions"
version = "0.3.4"
source = "registry+https://github.com/rust-lang/crates.io-index"
checksum = "7f3eb36b47e512f8f1c9e3d10c2c1965bc992bd9cdb024fa581e2194501c83d3"

[[package]]
name = "thread"
version = "0.1.0"
dependencies = [
 "base",
 "bitflags",
]

[[package]]
name = "vmtest"
version = "0.1.0"
dependencies = [
 "base",
 "heap",
 "isr",
 "paging",
]

[[package]]
name = "vterm"
version = "0.1.0"
dependencies = [
 "m3",
]
