# This file is automatically @generated by Cargo.
# It is not intended for manual editing.
version = 3

[[package]]
name = "autocfg"
version = "1.0.1"
source = "registry+https://github.com/rust-lang/crates.io-index"
checksum = "cdb031dd78e28731d87d56cc8ffef4a8f36ca26c38fe2de700543e627f8a464a"

[[package]]
name = "base"
version = "0.1.0"
dependencies = [
 "bitflags",
 "cfg-if",
 "libc",
 "num-traits",
 "static_assertions",
]

[[package]]
name = "bitflags"
version = "1.2.1"
source = "registry+https://github.com/rust-lang/crates.io-index"
checksum = "cf1de2fe8c75bc145a2f577add951f8134889b4795d47466a54a5c846d691693"

[[package]]
name = "byteorder"
version = "1.4.3"
source = "registry+https://github.com/rust-lang/crates.io-index"
checksum = "14c189c53d098945499cdfa7ecc63567cf3886b3332b312a5b4585d8d3a6a610"

[[package]]
name = "cfg-if"
version = "1.0.0"
source = "registry+https://github.com/rust-lang/crates.io-index"
checksum = "baf1de4339761588bc0619e3cbc0120ee582ebb74b53b4efbf79117bd2da40fd"

[[package]]
name = "disk"
version = "0.1.0"
dependencies = [
 "bitflags",
 "m3",
 "pci",
]

[[package]]
name = "disktest"
version = "0.1.0"
dependencies = [
 "m3",
]

[[package]]
name = "fs"
version = "0.1.0"
dependencies = [
 "m3",
]

[[package]]
name = "hashmux"
version = "0.1.0"
dependencies = [
 "base",
 "m3",
]

[[package]]
name = "hashmuxbenchs"
version = "0.1.0"
dependencies = [
 "m3",
]

[[package]]
name = "hashsum"
version = "0.1.0"
dependencies = [
 "hex",
 "m3",
]

[[package]]
name = "heap"
version = "0.1.0"
dependencies = [
 "base",
 "bitflags",
]

[[package]]
name = "hex"
version = "0.4.3"
source = "registry+https://github.com/rust-lang/crates.io-index"
checksum = "7f24254aa9a54b5c858eaee2f5bccdb46aaf0e486a595ed5fd8f86ba55232a70"

[[package]]
name = "hex-literal"
version = "0.3.3"
source = "registry+https://github.com/rust-lang/crates.io-index"
checksum = "21e4590e13640f19f249fe3e4eca5113bc4289f2497710378190e7f4bd96f45b"

[[package]]
name = "info"
version = "0.1.0"
dependencies = [
 "m3",
]

[[package]]
name = "ipc"
version = "0.1.0"
dependencies = [
 "m3",
]

[[package]]
name = "isr"
version = "0.1.0"
dependencies = [
 "base",
 "cfg-if",
]

[[package]]
name = "kernel"
version = "0.1.0"
dependencies = [
 "base",
 "bitflags",
 "isr",
 "paging",
 "thread",
]

[[package]]
name = "libc"
version = "0.2.97"
source = "registry+https://github.com/rust-lang/crates.io-index"
checksum = "12b8adadd720df158f4d70dfe7ccc6adb0472d7c55ca83445f6a5ab3e36f8fb6"

[[package]]
name = "log"
version = "0.4.14"
source = "registry+https://github.com/rust-lang/crates.io-index"
checksum = "51b9bbe6c47d51fc3e1a9b945965946b4c44142ab8792c50835a980d362c2710"
dependencies = [
 "cfg-if",
]

[[package]]
name = "m3"
version = "0.1.0"
dependencies = [
 "base",
 "bitflags",
 "heap",
]

[[package]]
name = "m3fs"
version = "0.1.0"
dependencies = [
 "base",
 "bitflags",
 "m3",
 "thread",
]

[[package]]
name = "managed"
version = "0.8.0"
source = "registry+https://github.com/rust-lang/crates.io-index"
checksum = "0ca88d725a0a943b096803bd34e73a4437208b6077654cc4ecb2947a5f91618d"

[[package]]
name = "memoffset"
version = "0.6.5"
source = "registry+https://github.com/rust-lang/crates.io-index"
checksum = "5aa361d4faea93603064a027415f07bd8e1d5c88c9fbf68bf56a285428fd79ce"
dependencies = [
 "autocfg",
]

[[package]]
name = "msgchansnd"
version = "0.1.0"
dependencies = [
 "m3",
]

[[package]]
name = "net"
version = "0.1.0"
dependencies = [
 "base",
 "bitflags",
 "log",
 "m3",
 "memoffset",
 "pci",
 "smoltcp",
 "thread",
]

[[package]]
name = "netechoserver"
version = "0.1.0"
dependencies = [
 "m3",
]

[[package]]
name = "netlat"
version = "0.1.0"
dependencies = [
 "m3",
]

[[package]]
name = "num-traits"
version = "0.2.14"
source = "registry+https://github.com/rust-lang/crates.io-index"
checksum = "9a64b1ec5cda2586e284722486d802acf1f7dbdc623e2bfc57e65ca1cd099290"
dependencies = [
 "autocfg",
]

[[package]]
name = "pager"
version = "0.1.0"
dependencies = [
 "bitflags",
 "m3",
 "resmng",
 "thread",
]

[[package]]
name = "paging"
version = "0.1.0"
dependencies = [
 "base",
 "bitflags",
 "cfg-if",
]

[[package]]
name = "pci"
version = "0.1.0"
dependencies = [
 "bitflags",
 "m3",
]

[[package]]
name = "ping"
version = "0.1.0"
dependencies = [
 "m3",
]

[[package]]
name = "pipes"
version = "0.1.0"
dependencies = [
 "bitflags",
 "m3",
]

[[package]]
name = "resmng"
version = "0.1.0"
dependencies = [
 "bitflags",
 "m3",
 "thread",
]

[[package]]
name = "root"
version = "0.1.0"
dependencies = [
 "m3",
 "resmng",
 "thread",
]

[[package]]
name = "rustbenchs"
version = "0.1.0"
dependencies = [
 "m3",
]

[[package]]
name = "rusthello"
version = "0.1.0"
dependencies = [
 "m3",
]

[[package]]
name = "rustnetbenchs"
version = "0.1.0"
dependencies = [
 "m3",
]

[[package]]
name = "rustnettests"
version = "0.1.0"
dependencies = [
 "m3",
]

[[package]]
name = "rustunittests"
version = "0.1.0"
dependencies = [
 "hex-literal",
 "m3",
]

[[package]]
name = "smoltcp"
version = "0.8.0"
source = "git+https://github.com/smoltcp-rs/smoltcp.git?branch=master#027f255f904b9b7c4226cfd8b2d31f272ffa5105"
dependencies = [
 "bitflags",
 "byteorder",
 "log",
 "managed",
]

[[package]]
name = "spammer"
version = "0.1.0"
dependencies = [
 "m3",
]

[[package]]
name = "static_assertions"
version = "0.3.4"
source = "registry+https://github.com/rust-lang/crates.io-index"
checksum = "7f3eb36b47e512f8f1c9e3d10c2c1965bc992bd9cdb024fa581e2194501c83d3"

[[package]]
name = "stdareceiver"
version = "0.1.0"
dependencies = [
 "base",
 "heap",
 "isr",
 "paging",
]

[[package]]
name = "stdasender"
version = "0.1.0"
dependencies = [
 "base",
 "heap",
 "isr",
 "paging",
]

[[package]]
name = "thread"
version = "0.1.0"
dependencies = [
 "base",
 "bitflags",
]

[[package]]
name = "tilemux"
version = "0.1.0"
dependencies = [
 "base",
 "heap",
 "isr",
 "num-traits",
 "paging",
]

[[package]]
name = "vamic"
version = "0.1.0"
dependencies = [
 "m3",
]

[[package]]
name = "varcv"
version = "0.1.0"
dependencies = [
 "m3",
]

[[package]]
name = "vmtest"
version = "0.1.0"
dependencies = [
 "base",
 "heap",
 "isr",
 "paging",
]

[[package]]
name = "vterm"
version = "0.1.0"
dependencies = [
 "m3",
]

[[package]]
name = "ycsbclient"
version = "0.1.0"
dependencies = [
 "m3",
]
